{
  "name": "bubg",
  "version": "1.0.0",
  "lockfileVersion": 1,
  "requires": true,
  "dependencies": {
    "@types/jquery": {
      "version": "3.5.22",
      "resolved": "https://artifactory.squarespace.net:443/artifactory/api/npm/npm-all/@types/jquery/-/jquery-3.5.22.tgz",
      "integrity": "sha512-ISQFeUK5GwRftLK4PVvKTWEVCxZ2BpaqBz0TWkIq5w4vGojxZP9+XkqgcPjxoqmPeew+HLyWthCBvK7GdF5NYA==",
      "dev": true,
      "requires": {
        "@types/sizzle": "*"
      }
    },
    "@types/sizzle": {
      "version": "2.3.4",
      "resolved": "https://artifactory.squarespace.net:443/artifactory/api/npm/npm-all/@types/sizzle/-/sizzle-2.3.4.tgz",
      "integrity": "sha512-jA2llq2zNkg8HrALI7DtWzhALcVH0l7i89yhY3iBdOz6cBPeACoFq+fkQrjHA39t1hnSFOboZ7A/AY5MMZSlag==",
      "dev": true
    },
    "jquery": {
      "version": "3.7.1",
      "resolved": "https://artifactory.squarespace.net:443/artifactory/api/npm/npm-all/jquery/-/jquery-3.7.1.tgz",
      "integrity": "sha512-m4avr8yL8kmFN8psrbFFFmB/If14iN5o9nw/NgnnM+kybDJpRsAynV2BsfpTYrTRysYUdADVD7CkUUizgkpLfg=="
    }
  }
}
